
Microsoft Visual Studio Solution File, Format Version 12.00
# Visual Studio Version 16
VisualStudioVersion = 16.0.30804.86
MinimumVisualStudioVersion = 10.0.40219.1
Project("{888888A0-9F3D-457C-B088-3A5042F75D52}") = "Advent of code py", "Advent of code py\Advent of code py.pyproj", "{4CDC1754-BD0F-4079-B0E6-07BE72FFDA30}"
EndProject
Global
	GlobalSection(SolutionConfigurationPlatforms) = preSolution
		Debug|Any CPU = Debug|Any CPU
		Release|Any CPU = Release|Any CPU
	EndGlobalSection
	GlobalSection(ProjectConfigurationPlatforms) = postSolution
		{4CDC1754-BD0F-4079-B0E6-07BE72FFDA30}.Debug|Any CPU.ActiveCfg = Debug|Any CPU
		{4CDC1754-BD0F-4079-B0E6-07BE72FFDA30}.Release|Any CPU.ActiveCfg = Release|Any CPU
	EndGlobalSection
	GlobalSection(SolutionProperties) = preSolution
		HideSolutionNode = FALSE
	EndGlobalSection
	GlobalSection(ExtensibilityGlobals) = postSolution
		SolutionGuid = {41DCB27B-103C-4A80-AC39-6A4B852D62E0}
	EndGlobalSection
EndGlobal
